# THIS IS AN AUTOGENERATED FILE. DO NOT EDIT THIS FILE DIRECTLY.
# yarn lockfile v1


"@capitalise/service-entities@^1.4.8":
  version "1.4.8"
  resolved "https://pkgs.dev.azure.com/capitalisers/Capitalise/_packaging/capitalise/npm/registry/@capitalise/service-entities/-/service-entities-1.4.8.tgz#8f262323b6b365f9931567a80e15f2d0c6d71b60"
  integrity sha1-jyYjI7azZfmTFWeoDhXy0MbXG2A=
  dependencies:
    axios "^0.27.2"

"@capitalise/service-ledger-snapshot@1.0.19":
  version "1.0.19"
  resolved "https://pkgs.dev.azure.com/capitalisers/Capitalise/_packaging/capitalise/npm/registry/@capitalise/service-ledger-snapshot/-/service-ledger-snapshot-1.0.19.tgz#9a10082577a8e49b6bc03185414c2025fb622e16"
  integrity sha1-mhAIJXeo5JtrwDGFQUwgJftiLhY=
  dependencies:
    axios "^0.27.2"

"@capitalise/service-membership-levels@^1.0.5":
  version "1.0.5"
  resolved "https://pkgs.dev.azure.com/capitalisers/Capitalise/_packaging/capitalise/npm/registry/@capitalise/service-membership-levels/-/service-membership-levels-1.0.5.tgz#ce587c5145d93a889e19e30ad687199317737582"
  integrity sha1-zlh8UUXZOoieGeMK1ocZkxdzdYI=
  dependencies:
    axios "^0.27.2"

"@capitalise/service-profile-container@^2.6.3":
  version "2.6.3"
  resolved "https://pkgs.dev.azure.com/capitalisers/Capitalise/_packaging/capitalise/npm/registry/@capitalise/service-profile-container/-/service-profile-container-2.6.3.tgz#37403d8c95496bfa76378a3d1340bc0827614071"
  integrity sha1-N0A9jJVJa/p2N4o9E0C8CCdhQHE=
  dependencies:
    axios "^0.27.2"

asynckit@^0.4.0:
  version "0.4.0"
  resolved "https://registry.yarnpkg.com/asynckit/-/asynckit-0.4.0.tgz#c79ed97f7f34cb8f2ba1bc9790bcc366474b4b79"
  integrity sha512-Oei9OH4tRh0YqU3GxhX79dM/mwVgvbZJaSNaRk+bshkj0S5cfHcgYakreBjrHwatXKbz+IoIdYLxrKim2MjW0Q==

axios@^0.27.2:
  version "0.27.2"
  resolved "https://registry.yarnpkg.com/axios/-/axios-0.27.2.tgz#207658cc8621606e586c85db4b41a750e756d972"
  integrity sha512-t+yRIyySRTp/wua5xEr+z1q60QmLq8ABsS5O9Me1AsE5dfKqgnCFzwiCZZ/cGNd1lq4/7akDWMxdhVlucjmnOQ==
  dependencies:
    follow-redirects "^1.14.9"
    form-data "^4.0.0"

combined-stream@^1.0.8:
  version "1.0.8"
  resolved "https://registry.yarnpkg.com/combined-stream/-/combined-stream-1.0.8.tgz#c3d45a8b34fd730631a110a8a2520682b31d5a7f"
  integrity sha512-FQN4MRfuJeHf7cBbBMJFXhKSDq+2kAArBlmRBvcvFE5BB1HZKXtSFASDhdlz9zOYwxh8lDdnvmMOe/+5cdoEdg==
  dependencies:
    delayed-stream "~1.0.0"

delayed-stream@~1.0.0:
  version "1.0.0"
  resolved "https://registry.yarnpkg.com/delayed-stream/-/delayed-stream-1.0.0.tgz#df3ae199acadfb7d440aaae0b29e2272b24ec619"
  integrity sha512-ZySD7Nf91aLB0RxL4KGrKHBXl7Eds1DAmEdcoVawXnLD7SDhpNgtuII2aAkg7a7QS41jxPSZ17p4VdGnMHk3MQ==

follow-redirects@^1.14.9:
  version "1.15.2"
  resolved "https://registry.yarnpkg.com/follow-redirects/-/follow-redirects-1.15.2.tgz#b460864144ba63f2681096f274c4e57026da2c13"
  integrity sha512-VQLG33o04KaQ8uYi2tVNbdrWp1QWxNNea+nmIB4EVM28v0hmP17z7aG1+wAkNzVq4KeXTq3221ye5qTJP91JwA==

form-data@^4.0.0:
  version "4.0.0"
  resolved "https://registry.yarnpkg.com/form-data/-/form-data-4.0.0.tgz#93919daeaf361ee529584b9b31664dc12c9fa452"
  integrity sha512-ETEklSGi5t0QMZuiXoA/Q6vcnxcLQP5vdugSpuAyi6SVGi2clPPp+xgEhuMaHC+zGgn31Kd235W35f7Hykkaww==
  dependencies:
    asynckit "^0.4.0"
    combined-stream "^1.0.8"
    mime-types "^2.1.12"

mime-db@1.52.0:
  version "1.52.0"
  resolved "https://registry.yarnpkg.com/mime-db/-/mime-db-1.52.0.tgz#bbabcdc02859f4987301c856e3387ce5ec43bf70"
  integrity sha512-sPU4uV7dYlvtWJxwwxHD0PuihVNiE7TyAbQ5SWxDCB9mUYvOgroQOwYQQOKPJ8CIbE+1ETVlOoK1UC2nU3gYvg==

mime-types@^2.1.12:
  version "2.1.35"
  resolved "https://registry.yarnpkg.com/mime-types/-/mime-types-2.1.35.tgz#381a871b62a734450660ae3deee44813f70d959a"
  integrity sha512-ZDY+bPm5zTTF+YpCrAU9nK0UgICYPT0QtT1NZWFv4s++TNkcgVaT0g6+4R2uI4MjQjzysHB1zxuWL50hzaeXiw==
  dependencies:
    mime-db "1.52.0"
